
Microsoft Visual Studio Solution File, Format Version 12.00
# Visual Studio Version 17
VisualStudioVersion = 17.5.002.0
MinimumVisualStudioVersion = 10.0.40219.1
Project("{9A19103F-16F7-4668-BE54-9A1E7A4F7556}") = "code-wizards-website", "code-wizards-website.csproj", "{932DBC5E-71AC-4943-807D-894BF8B8E55D}"
EndProject
Global
	GlobalSection(SolutionConfigurationPlatforms) = preSolution
		Debug|Any CPU = Debug|Any CPU
		Release|Any CPU = Release|Any CPU
	EndGlobalSection
	GlobalSection(ProjectConfigurationPlatforms) = postSolution
		{932DBC5E-71AC-4943-807D-894BF8B8E55D}.Debug|Any CPU.ActiveCfg = Debug|Any CPU
		{932DBC5E-71AC-4943-807D-894BF8B8E55D}.Debug|Any CPU.Build.0 = Debug|Any CPU
		{932DBC5E-71AC-4943-807D-894BF8B8E55D}.Release|Any CPU.ActiveCfg = Release|Any CPU
		{932DBC5E-71AC-4943-807D-894BF8B8E55D}.Release|Any CPU.Build.0 = Release|Any CPU
	EndGlobalSection
	GlobalSection(SolutionProperties) = preSolution
		HideSolutionNode = FALSE
	EndGlobalSection
	GlobalSection(ExtensibilityGlobals) = postSolution
		SolutionGuid = {1AAB34C5-AA10-4A3A-9B1F-933151CF3015}
	EndGlobalSection
EndGlobal
